
Microsoft Visual Studio Solution File, Format Version 12.00
# Visual Studio Version 17
VisualStudioVersion = 17.5.33424.131
MinimumVisualStudioVersion = 10.0.40219.1
Project("{FAE04EC0-301F-11D3-BF4B-00C04F79EFBC}") = "RegexDemo", "RegexDemo\RegexDemo.csproj", "{C186D0BC-EC26-4462-821C-B4BE6C9AAD5F}"
EndProject
Global
	GlobalSection(SolutionConfigurationPlatforms) = preSolution
		Debug|Any CPU = Debug|Any CPU
		Release|Any CPU = Release|Any CPU
	EndGlobalSection
	GlobalSection(ProjectConfigurationPlatforms) = postSolution
		{C186D0BC-EC26-4462-821C-B4BE6C9AAD5F}.Debug|Any CPU.ActiveCfg = Debug|Any CPU
		{C186D0BC-EC26-4462-821C-B4BE6C9AAD5F}.Debug|Any CPU.Build.0 = Debug|Any CPU
		{C186D0BC-EC26-4462-821C-B4BE6C9AAD5F}.Release|Any CPU.ActiveCfg = Release|Any CPU
		{C186D0BC-EC26-4462-821C-B4BE6C9AAD5F}.Release|Any CPU.Build.0 = Release|Any CPU
	EndGlobalSection
	GlobalSection(SolutionProperties) = preSolution
		HideSolutionNode = FALSE
	EndGlobalSection
	GlobalSection(ExtensibilityGlobals) = postSolution
		SolutionGuid = {F356D443-85F3-4E8A-AB2E-EEE451954E64}
	EndGlobalSection
EndGlobal
